
Microsoft Visual Studio Solution File, Format Version 12.00
# Visual Studio 15
VisualStudioVersion = 15.0.27703.2035
MinimumVisualStudioVersion = 10.0.40219.1
Project("{FAE04EC0-301F-11D3-BF4B-00C04F79EFBC}") = "BarcodeReader", "BarcodeReader\BarcodeReader.csproj", "{294AB9D7-A68F-4C24-9CBA-265A4245C3F1}"
EndProject
Project("{FAE04EC0-301F-11D3-BF4B-00C04F79EFBC}") = "HelperProject", "HelperProject\HelperProject.csproj", "{97915587-05F1-44D4-925F-062E5DF2891F}"
EndProject
Global
	GlobalSection(SolutionConfigurationPlatforms) = preSolution
		Debug|Any CPU = Debug|Any CPU
		Release|Any CPU = Release|Any CPU
	EndGlobalSection
	GlobalSection(ProjectConfigurationPlatforms) = postSolution
		{294AB9D7-A68F-4C24-9CBA-265A4245C3F1}.Debug|Any CPU.ActiveCfg = Debug|Any CPU
		{294AB9D7-A68F-4C24-9CBA-265A4245C3F1}.Debug|Any CPU.Build.0 = Debug|Any CPU
		{294AB9D7-A68F-4C24-9CBA-265A4245C3F1}.Release|Any CPU.ActiveCfg = Release|Any CPU
		{294AB9D7-A68F-4C24-9CBA-265A4245C3F1}.Release|Any CPU.Build.0 = Release|Any CPU
		{97915587-05F1-44D4-925F-062E5DF2891F}.Debug|Any CPU.ActiveCfg = Debug|Any CPU
		{97915587-05F1-44D4-925F-062E5DF2891F}.Debug|Any CPU.Build.0 = Debug|Any CPU
		{97915587-05F1-44D4-925F-062E5DF2891F}.Release|Any CPU.ActiveCfg = Release|Any CPU
		{97915587-05F1-44D4-925F-062E5DF2891F}.Release|Any CPU.Build.0 = Release|Any CPU
	EndGlobalSection
	GlobalSection(SolutionProperties) = preSolution
		HideSolutionNode = FALSE
	EndGlobalSection
	GlobalSection(ExtensibilityGlobals) = postSolution
		SolutionGuid = {74A82BBA-5EBA-44DB-AFC6-81411280BE40}
	EndGlobalSection
EndGlobal
